// !$*UTF8*$!
{
	archiveVersion = 1;
	classes = {
	};
	objectVersion = 46;
	objects = {

/* Begin PBXBuildFile section */
		19BE2CD91E016A5C003159A0 /* SignInController.swift in Sources */ = {isa = PBXBuildFile; fileRef = 19BE2CD81E016A5C003159A0 /* SignInController.swift */; };
		19BE2CDB1E017233003159A0 /* KwickiesController.swift in Sources */ = {isa = PBXBuildFile; fileRef = 19BE2CDA1E017233003159A0 /* KwickiesController.swift */; };
		19BE2CDD1E017285003159A0 /* KwickiesController.storyboard in Resources */ = {isa = PBXBuildFile; fileRef = 19BE2CDC1E017285003159A0 /* KwickiesController.storyboard */; };
		19BE2CDF1E0177EA003159A0 /* User.swift in Sources */ = {isa = PBXBuildFile; fileRef = 19BE2CDE1E0177EA003159A0 /* User.swift */; };
		19BE2CE41E01873B003159A0 /* Kwickie.swift in Sources */ = {isa = PBXBuildFile; fileRef = 19BE2CE31E01873B003159A0 /* Kwickie.swift */; };
		19BE2CE81E018A8F003159A0 /* Router.swift in Sources */ = {isa = PBXBuildFile; fileRef = 19BE2CE71E018A8F003159A0 /* Router.swift */; };
		19BE2CEA1E01959F003159A0 /* KwickieCell.swift in Sources */ = {isa = PBXBuildFile; fileRef = 19BE2CE91E01959F003159A0 /* KwickieCell.swift */; };
		19BFEDBC1E034C8F0053A0DF /* KwickiePlayerController.storyboard in Resources */ = {isa = PBXBuildFile; fileRef = 19BFEDBB1E034C8F0053A0DF /* KwickiePlayerController.storyboard */; };
		19BFEDBE1E034D420053A0DF /* KwickiePlayerController.swift in Sources */ = {isa = PBXBuildFile; fileRef = 19BFEDBD1E034D420053A0DF /* KwickiePlayerController.swift */; };
		19BFEDC01E0350D80053A0DF /* UIViewExtensions.swift in Sources */ = {isa = PBXBuildFile; fileRef = 19BFEDBF1E0350D80053A0DF /* UIViewExtensions.swift */; };
		19E06CAE1E01685C00685C12 /* AppDelegate.swift in Sources */ = {isa = PBXBuildFile; fileRef = 19E06CAD1E01685C00685C12 /* AppDelegate.swift */; };
		19E06CB31E01685C00685C12 /* Main.storyboard in Resources */ = {isa = PBXBuildFile; fileRef = 19E06CB11E01685C00685C12 /* Main.storyboard */; };
		19E06CB51E01685C00685C12 /* Assets.xcassets in Resources */ = {isa = PBXBuildFile; fileRef = 19E06CB41E01685C00685C12 /* Assets.xcassets */; };
		19E06CB81E01685C00685C12 /* LaunchScreen.storyboard in Resources */ = {isa = PBXBuildFile; fileRef = 19E06CB61E01685C00685C12 /* LaunchScreen.storyboard */; };
		19E06CC31E01685C00685C12 /* KwickieTestTests.swift in Sources */ = {isa = PBXBuildFile; fileRef = 19E06CC21E01685C00685C12 /* KwickieTestTests.swift */; };
		19E06CCE1E01685C00685C12 /* KwickieTestUITests.swift in Sources */ = {isa = PBXBuildFile; fileRef = 19E06CCD1E01685C00685C12 /* KwickieTestUITests.swift */; };
		402F522BDDA52DDB6843D8B2 /* Pods_KwickieTest.framework in Frameworks */ = {isa = PBXBuildFile; fileRef = 89CEAFB8848AD81ECA480A0F /* Pods_KwickieTest.framework */; };
		6DDAB9772E101B681B388515 /* Pods_KwickieTestUITests.framework in Frameworks */ = {isa = PBXBuildFile; fileRef = E387B445188BA956B39E3E76 /* Pods_KwickieTestUITests.framework */; };
		C325B3A15762E95ED9CF3176 /* Pods_KwickieTestTests.framework in Frameworks */ = {isa = PBXBuildFile; fileRef = 99721B468199A034CC381C16 /* Pods_KwickieTestTests.framework */; };
/* End PBXBuildFile section */

/* Begin PBXContainerItemProxy section */
		19E06CBF1E01685C00685C12 /* PBXContainerItemProxy */ = {
			isa = PBXContainerItemProxy;
			containerPortal = 19E06CA21E01685C00685C12 /* Project object */;
			proxyType = 1;
			remoteGlobalIDString = 19E06CA91E01685C00685C12;
			remoteInfo = KwickieTest;
		};
		19E06CCA1E01685C00685C12 /* PBXContainerItemProxy */ = {
			isa = PBXContainerItemProxy;
			containerPortal = 19E06CA21E01685C00685C12 /* Project object */;
			proxyType = 1;
			remoteGlobalIDString = 19E06CA91E01685C00685C12;
			remoteInfo = KwickieTest;
		};
/* End PBXContainerItemProxy section */

/* Begin PBXFileReference section */
		194CF95581F73D016A6803D7 /* Pods-KwickieTestTests.debug.xcconfig */ = {isa = PBXFileReference; includeInIndex = 1; lastKnownFileType = text.xcconfig; name = "Pods-KwickieTestTests.debug.xcconfig"; path = "Pods/Target Support Files/Pods-KwickieTestTests/Pods-KwickieTestTests.debug.xcconfig"; sourceTree = "<group>"; };
		19BE2CD81E016A5C003159A0 /* SignInController.swift */ = {isa = PBXFileReference; fileEncoding = 4; lastKnownFileType = sourcecode.swift; name = SignInController.swift; path = Controllers/SignInController.swift; sourceTree = "<group>"; };
		19BE2CDA1E017233003159A0 /* KwickiesController.swift */ = {isa = PBXFileReference; fileEncoding = 4; lastKnownFileType = sourcecode.swift; name = KwickiesController.swift; path = Controllers/KwickiesController.swift; sourceTree = "<group>"; };
		19BE2CDC1E017285003159A0 /* KwickiesController.storyboard */ = {isa = PBXFileReference; fileEncoding = 4; lastKnownFileType = file.storyboard; name = KwickiesController.storyboard; path = Storyboards/KwickiesController.storyboard; sourceTree = "<group>"; };
		19BE2CDE1E0177EA003159A0 /* User.swift */ = {isa = PBXFileReference; fileEncoding = 4; lastKnownFileType = sourcecode.swift; name = User.swift; path = Model/User.swift; sourceTree = "<group>"; };
		19BE2CE31E01873B003159A0 /* Kwickie.swift */ = {isa = PBXFileReference; fileEncoding = 4; lastKnownFileType = sourcecode.swift; name = Kwickie.swift; path = Model/Kwickie.swift; sourceTree = "<group>"; };
		19BE2CE71E018A8F003159A0 /* Router.swift */ = {isa = PBXFileReference; fileEncoding = 4; lastKnownFileType = sourcecode.swift; name = Router.swift; path = Helpers/Router.swift; sourceTree = "<group>"; };
		19BE2CE91E01959F003159A0 /* KwickieCell.swift */ = {isa = PBXFileReference; fileEncoding = 4; lastKnownFileType = sourcecode.swift; name = KwickieCell.swift; path = Cells/KwickieCell.swift; sourceTree = "<group>"; };
		19BFEDBB1E034C8F0053A0DF /* KwickiePlayerController.storyboard */ = {isa = PBXFileReference; fileEncoding = 4; lastKnownFileType = file.storyboard; name = KwickiePlayerController.storyboard; path = Storyboards/KwickiePlayerController.storyboard; sourceTree = "<group>"; };
		19BFEDBD1E034D420053A0DF /* KwickiePlayerController.swift */ = {isa = PBXFileReference; fileEncoding = 4; lastKnownFileType = sourcecode.swift; name = KwickiePlayerController.swift; path = Controllers/KwickiePlayerController.swift; sourceTree = "<group>"; };
		19BFEDBF1E0350D80053A0DF /* UIViewExtensions.swift */ = {isa = PBXFileReference; fileEncoding = 4; lastKnownFileType = sourcecode.swift; name = UIViewExtensions.swift; path = Extensions/UIViewExtensions.swift; sourceTree = "<group>"; };
		19E06CAA1E01685C00685C12 /* KwickieTest.app */ = {isa = PBXFileReference; explicitFileType = wrapper.application; includeInIndex = 0; path = KwickieTest.app; sourceTree = BUILT_PRODUCTS_DIR; };
		19E06CAD1E01685C00685C12 /* AppDelegate.swift */ = {isa = PBXFileReference; lastKnownFileType = sourcecode.swift; path = AppDelegate.swift; sourceTree = "<group>"; };
		19E06CB21E01685C00685C12 /* Base */ = {isa = PBXFileReference; lastKnownFileType = file.storyboard; name = Base; path = Base.lproj/Main.storyboard; sourceTree = "<group>"; };
		19E06CB41E01685C00685C12 /* Assets.xcassets */ = {isa = PBXFileReference; lastKnownFileType = folder.assetcatalog; path = Assets.xcassets; sourceTree = "<group>"; };
		19E06CB71E01685C00685C12 /* Base */ = {isa = PBXFileReference; lastKnownFileType = file.storyboard; name = Base; path = Base.lproj/LaunchScreen.storyboard; sourceTree = "<group>"; };
		19E06CB91E01685C00685C12 /* Info.plist */ = {isa = PBXFileReference; lastKnownFileType = text.plist.xml; path = Info.plist; sourceTree = "<group>"; };
		19E06CBE1E01685C00685C12 /* KwickieTestTests.xctest */ = {isa = PBXFileReference; explicitFileType = wrapper.cfbundle; includeInIndex = 0; path = KwickieTestTests.xctest; sourceTree = BUILT_PRODUCTS_DIR; };
		19E06CC21E01685C00685C12 /* KwickieTestTests.swift */ = {isa = PBXFileReference; lastKnownFileType = sourcecode.swift; path = KwickieTestTests.swift; sourceTree = "<group>"; };
		19E06CC41E01685C00685C12 /* Info.plist */ = {isa = PBXFileReference; lastKnownFileType = text.plist.xml; path = Info.plist; sourceTree = "<group>"; };
		19E06CC91E01685C00685C12 /* KwickieTestUITests.xctest */ = {isa = PBXFileReference; explicitFileType = wrapper.cfbundle; includeInIndex = 0; path = KwickieTestUITests.xctest; sourceTree = BUILT_PRODUCTS_DIR; };
		19E06CCD1E01685C00685C12 /* KwickieTestUITests.swift */ = {isa = PBXFileReference; lastKnownFileType = sourcecode.swift; path = KwickieTestUITests.swift; sourceTree = "<group>"; };
		19E06CCF1E01685C00685C12 /* Info.plist */ = {isa = PBXFileReference; lastKnownFileType = text.plist.xml; path = Info.plist; sourceTree = "<group>"; };
		81761474BDCCC5747E261FF6 /* Pods-KwickieTestUITests.debug.xcconfig */ = {isa = PBXFileReference; includeInIndex = 1; lastKnownFileType = text.xcconfig; name = "Pods-KwickieTestUITests.debug.xcconfig"; path = "Pods/Target Support Files/Pods-KwickieTestUITests/Pods-KwickieTestUITests.debug.xcconfig"; sourceTree = "<group>"; };
		83D5B103809BC54423C2E83D /* Pods-KwickieTest.debug.xcconfig */ = {isa = PBXFileReference; includeInIndex = 1; lastKnownFileType = text.xcconfig; name = "Pods-KwickieTest.debug.xcconfig"; path = "Pods/Target Support Files/Pods-KwickieTest/Pods-KwickieTest.debug.xcconfig"; sourceTree = "<group>"; };
		89CEAFB8848AD81ECA480A0F /* Pods_KwickieTest.framework */ = {isa = PBXFileReference; explicitFileType = wrapper.framework; includeInIndex = 0; path = Pods_KwickieTest.framework; sourceTree = BUILT_PRODUCTS_DIR; };
		99721B468199A034CC381C16 /* Pods_KwickieTestTests.framework */ = {isa = PBXFileReference; explicitFileType = wrapper.framework; includeInIndex = 0; path = Pods_KwickieTestTests.framework; sourceTree = BUILT_PRODUCTS_DIR; };
		BE136A19095FD5E99051D552 /* Pods-KwickieTestUITests.release.xcconfig */ = {isa = PBXFileReference; includeInIndex = 1; lastKnownFileType = text.xcconfig; name = "Pods-KwickieTestUITests.release.xcconfig"; path = "Pods/Target Support Files/Pods-KwickieTestUITests/Pods-KwickieTestUITests.release.xcconfig"; sourceTree = "<group>"; };
		E387B445188BA956B39E3E76 /* Pods_KwickieTestUITests.framework */ = {isa = PBXFileReference; explicitFileType = wrapper.framework; includeInIndex = 0; path = Pods_KwickieTestUITests.framework; sourceTree = BUILT_PRODUCTS_DIR; };
		E90464088FE84D0062D8A4E5 /* Pods-KwickieTestTests.release.xcconfig */ = {isa = PBXFileReference; includeInIndex = 1; lastKnownFileType = text.xcconfig; name = "Pods-KwickieTestTests.release.xcconfig"; path = "Pods/Target Support Files/Pods-KwickieTestTests/Pods-KwickieTestTests.release.xcconfig"; sourceTree = "<group>"; };
		FD8D6CE1340F3BDF8D20D963 /* Pods-KwickieTest.release.xcconfig */ = {isa = PBXFileReference; includeInIndex = 1; lastKnownFileType = text.xcconfig; name = "Pods-KwickieTest.release.xcconfig"; path = "Pods/Target Support Files/Pods-KwickieTest/Pods-KwickieTest.release.xcconfig"; sourceTree = "<group>"; };
/* End PBXFileReference section */

/* Begin PBXFrameworksBuildPhase section */
		19E06CA71E01685C00685C12 /* Frameworks */ = {
			isa = PBXFrameworksBuildPhase;
			buildActionMask = 2147483647;
			files = (
				402F522BDDA52DDB6843D8B2 /* Pods_KwickieTest.framework in Frameworks */,
			);
			runOnlyForDeploymentPostprocessing = 0;
		};
		19E06CBB1E01685C00685C12 /* Frameworks */ = {
			isa = PBXFrameworksBuildPhase;
			buildActionMask = 2147483647;
			files = (
				C325B3A15762E95ED9CF3176 /* Pods_KwickieTestTests.framework in Frameworks */,
			);
			runOnlyForDeploymentPostprocessing = 0;
		};
		19E06CC61E01685C00685C12 /* Frameworks */ = {
			isa = PBXFrameworksBuildPhase;
			buildActionMask = 2147483647;
			files = (
				6DDAB9772E101B681B388515 /* Pods_KwickieTestUITests.framework in Frameworks */,
			);
			runOnlyForDeploymentPostprocessing = 0;
		};
/* End PBXFrameworksBuildPhase section */

/* Begin PBXGroup section */
		19BE2CE01E0178A0003159A0 /* Models */ = {
			isa = PBXGroup;
			children = (
				19BE2CDE1E0177EA003159A0 /* User.swift */,
				19BE2CE31E01873B003159A0 /* Kwickie.swift */,
			);
			name = Models;
			sourceTree = "<group>";
		};
		19BE2CE11E0178AA003159A0 /* Controllers */ = {
			isa = PBXGroup;
			children = (
				19BE2CD81E016A5C003159A0 /* SignInController.swift */,
				19BE2CDA1E017233003159A0 /* KwickiesController.swift */,
				19BFEDBD1E034D420053A0DF /* KwickiePlayerController.swift */,
			);
			name = Controllers;
			sourceTree = "<group>";
		};
		19BE2CE21E0178B4003159A0 /* Storyboards */ = {
			isa = PBXGroup;
			children = (
				19E06CB11E01685C00685C12 /* Main.storyboard */,
				19BE2CDC1E017285003159A0 /* KwickiesController.storyboard */,
				19BFEDBB1E034C8F0053A0DF /* KwickiePlayerController.storyboard */,
			);
			name = Storyboards;
			sourceTree = "<group>";
		};
		19BE2CE61E018A76003159A0 /* Helpers */ = {
			isa = PBXGroup;
			children = (
				19BE2CE71E018A8F003159A0 /* Router.swift */,
				19BFEDBF1E0350D80053A0DF /* UIViewExtensions.swift */,
			);
			name = Helpers;
			sourceTree = "<group>";
		};
		19BE2CEB1E0195A6003159A0 /* Cells */ = {
			isa = PBXGroup;
			children = (
				19BE2CE91E01959F003159A0 /* KwickieCell.swift */,
			);
			name = Cells;
			sourceTree = "<group>";
		};
		19E06CA11E01685C00685C12 = {
			isa = PBXGroup;
			children = (
				19E06CAC1E01685C00685C12 /* KwickieTest */,
				19E06CC11E01685C00685C12 /* KwickieTestTests */,
				19E06CCC1E01685C00685C12 /* KwickieTestUITests */,
				19E06CAB1E01685C00685C12 /* Products */,
				D775796E47A997072276C7C8 /* Pods */,
				D22628ADE451BA6B38F5BA26 /* Frameworks */,
			);
			sourceTree = "<group>";
		};
		19E06CAB1E01685C00685C12 /* Products */ = {
			isa = PBXGroup;
			children = (
				19E06CAA1E01685C00685C12 /* KwickieTest.app */,
				19E06CBE1E01685C00685C12 /* KwickieTestTests.xctest */,
				19E06CC91E01685C00685C12 /* KwickieTestUITests.xctest */,
			);
			name = Products;
			sourceTree = "<group>";
		};
		19E06CAC1E01685C00685C12 /* KwickieTest */ = {
			isa = PBXGroup;
			children = (
				19E06CAD1E01685C00685C12 /* AppDelegate.swift */,
				19BE2CE21E0178B4003159A0 /* Storyboards */,
				19BE2CE11E0178AA003159A0 /* Controllers */,
				19BE2CE01E0178A0003159A0 /* Models */,
				19BE2CEB1E0195A6003159A0 /* Cells */,
				19BE2CE61E018A76003159A0 /* Helpers */,
				19E06CB41E01685C00685C12 /* Assets.xcassets */,
				19E06CB61E01685C00685C12 /* LaunchScreen.storyboard */,
				19E06CB91E01685C00685C12 /* Info.plist */,
			);
			path = KwickieTest;
			sourceTree = "<group>";
		};
		19E06CC11E01685C00685C12 /* KwickieTestTests */ = {
			isa = PBXGroup;
			children = (
				19E06CC21E01685C00685C12 /* KwickieTestTests.swift */,
				19E06CC41E01685C00685C12 /* Info.plist */,
			);
			path = KwickieTestTests;
			sourceTree = "<group>";
		};
		19E06CCC1E01685C00685C12 /* KwickieTestUITests */ = {
			isa = PBXGroup;
			children = (
				19E06CCD1E01685C00685C12 /* KwickieTestUITests.swift */,
				19E06CCF1E01685C00685C12 /* Info.plist */,
			);
			path = KwickieTestUITests;
			sourceTree = "<group>";
		};
		D22628ADE451BA6B38F5BA26 /* Frameworks */ = {
			isa = PBXGroup;
			children = (
				89CEAFB8848AD81ECA480A0F /* Pods_KwickieTest.framework */,
				99721B468199A034CC381C16 /* Pods_KwickieTestTests.framework */,
				E387B445188BA956B39E3E76 /* Pods_KwickieTestUITests.framework */,
			);
			name = Frameworks;
			sourceTree = "<group>";
		};
		D775796E47A997072276C7C8 /* Pods */ = {
			isa = PBXGroup;
			children = (
				83D5B103809BC54423C2E83D /* Pods-KwickieTest.debug.xcconfig */,
				FD8D6CE1340F3BDF8D20D963 /* Pods-KwickieTest.release.xcconfig */,
				194CF95581F73D016A6803D7 /* Pods-KwickieTestTests.debug.xcconfig */,
				E90464088FE84D0062D8A4E5 /* Pods-KwickieTestTests.release.xcconfig */,
				81761474BDCCC5747E261FF6 /* Pods-KwickieTestUITests.debug.xcconfig */,
				BE136A19095FD5E99051D552 /* Pods-KwickieTestUITests.release.xcconfig */,
			);
			name = Pods;
			sourceTree = "<group>";
		};
/* End PBXGroup section */

/* Begin PBXNativeTarget section */
		19E06CA91E01685C00685C12 /* KwickieTest */ = {
			isa = PBXNativeTarget;
			buildConfigurationList = 19E06CD21E01685C00685C12 /* Build configuration list for PBXNativeTarget "KwickieTest" */;
			buildPhases = (
				A8B8D2FC5AF2A2A82DE70919 /* [CP] Check Pods Manifest.lock */,
				19E06CA61E01685C00685C12 /* Sources */,
				19E06CA71E01685C00685C12 /* Frameworks */,
				19E06CA81E01685C00685C12 /* Resources */,
				2C8C6B526ED5CBD39E639AFB /* [CP] Embed Pods Frameworks */,
				1CEF6B4828F4965DA406E622 /* [CP] Copy Pods Resources */,
			);
			buildRules = (
			);
			dependencies = (
			);
			name = KwickieTest;
			productName = KwickieTest;
			productReference = 19E06CAA1E01685C00685C12 /* KwickieTest.app */;
			productType = "com.apple.product-type.application";
		};
		19E06CBD1E01685C00685C12 /* KwickieTestTests */ = {
			isa = PBXNativeTarget;
			buildConfigurationList = 19E06CD51E01685C00685C12 /* Build configuration list for PBXNativeTarget "KwickieTestTests" */;
			buildPhases = (
				9F5CC4CAD9A1AD1D8D6C167D /* [CP] Check Pods Manifest.lock */,
				19E06CBA1E01685C00685C12 /* Sources */,
				19E06CBB1E01685C00685C12 /* Frameworks */,
				19E06CBC1E01685C00685C12 /* Resources */,
				F16ACC70777C386DDDC7F938 /* [CP] Embed Pods Frameworks */,
				A65EBAABF931B0D3B64D6360 /* [CP] Copy Pods Resources */,
			);
			buildRules = (
			);
			dependencies = (
				19E06CC01E01685C00685C12 /* PBXTargetDependency */,
			);
			name = KwickieTestTests;
			productName = KwickieTestTests;
			productReference = 19E06CBE1E01685C00685C12 /* KwickieTestTests.xctest */;
			productType = "com.apple.product-type.bundle.unit-test";
		};
		19E06CC81E01685C00685C12 /* KwickieTestUITests */ = {
			isa = PBXNativeTarget;
			buildConfigurationList = 19E06CD81E01685C00685C12 /* Build configuration list for PBXNativeTarget "KwickieTestUITests" */;
			buildPhases = (
				3BF35573123D28EE98C1DAE0 /* [CP] Check Pods Manifest.lock */,
				19E06CC51E01685C00685C12 /* Sources */,
				19E06CC61E01685C00685C12 /* Frameworks */,
				19E06CC71E01685C00685C12 /* Resources */,
				03F461A5A5BD637A4F3C07F3 /* [CP] Embed Pods Frameworks */,
				E0A67A690255BEBF43996897 /* [CP] Copy Pods Resources */,
			);
			buildRules = (
			);
			dependencies = (
				19E06CCB1E01685C00685C12 /* PBXTargetDependency */,
			);
			name = KwickieTestUITests;
			productName = KwickieTestUITests;
			productReference = 19E06CC91E01685C00685C12 /* KwickieTestUITests.xctest */;
			productType = "com.apple.product-type.bundle.ui-testing";
		};
/* End PBXNativeTarget section */

/* Begin PBXProject section */
		19E06CA21E01685C00685C12 /* Project object */ = {
			isa = PBXProject;
			attributes = {
				LastSwiftUpdateCheck = 0800;
				LastUpgradeCheck = 0800;
				ORGANIZATIONNAME = "Nishant Shrestha";
				TargetAttributes = {
					19E06CA91E01685C00685C12 = {
						CreatedOnToolsVersion = 8.0;
						ProvisioningStyle = Automatic;
					};
					19E06CBD1E01685C00685C12 = {
						CreatedOnToolsVersion = 8.0;
						ProvisioningStyle = Automatic;
						TestTargetID = 19E06CA91E01685C00685C12;
					};
					19E06CC81E01685C00685C12 = {
						CreatedOnToolsVersion = 8.0;
						ProvisioningStyle = Automatic;
						TestTargetID = 19E06CA91E01685C00685C12;
					};
				};
			};
			buildConfigurationList = 19E06CA51E01685C00685C12 /* Build configuration list for PBXProject "KwickieTest" */;
			compatibilityVersion = "Xcode 3.2";
			developmentRegion = English;
			hasScannedForEncodings = 0;
			knownRegions = (
				en,
				Base,
			);
			mainGroup = 19E06CA11E01685C00685C12;
			productRefGroup = 19E06CAB1E01685C00685C12 /* Products */;
			projectDirPath = "";
			projectRoot = "";
			targets = (
				19E06CA91E01685C00685C12 /* KwickieTest */,
				19E06CBD1E01685C00685C12 /* KwickieTestTests */,
				19E06CC81E01685C00685C12 /* KwickieTestUITests */,
			);
		};
/* End PBXProject section */

/* Begin PBXResourcesBuildPhase section */
		19E06CA81E01685C00685C12 /* Resources */ = {
			isa = PBXResourcesBuildPhase;
			buildActionMask = 2147483647;
			files = (
				19BFEDBC1E034C8F0053A0DF /* KwickiePlayerController.storyboard in Resources */,
				19E06CB81E01685C00685C12 /* LaunchScreen.storyboard in Resources */,
				19E06CB51E01685C00685C12 /* Assets.xcassets in Resources */,
				19BE2CDD1E017285003159A0 /* KwickiesController.storyboard in Resources */,
				19E06CB31E01685C00685C12 /* Main.storyboard in Resources */,
			);
			runOnlyForDeploymentPostprocessing = 0;
		};
		19E06CBC1E01685C00685C12 /* Resources */ = {
			isa = PBXResourcesBuildPhase;
			buildActionMask = 2147483647;
			files = (
			);
			runOnlyForDeploymentPostprocessing = 0;
		};
		19E06CC71E01685C00685C12 /* Resources */ = {
			isa = PBXResourcesBuildPhase;
			buildActionMask = 2147483647;
			files = (
			);
			runOnlyForDeploymentPostprocessing = 0;
		};
/* End PBXResourcesBuildPhase section */

/* Begin PBXShellScriptBuildPhase section */
		03F461A5A5BD637A4F3C07F3 /* [CP] Embed Pods Frameworks */ = {
			isa = PBXShellScriptBuildPhase;
			buildActionMask = 2147483647;
			files = (
			);
			inputPaths = (
			);
			name = "[CP] Embed Pods Frameworks";
			outputPaths = (
			);
			runOnlyForDeploymentPostprocessing = 0;
			shellPath = /bin/sh;
			shellScript = "\"${SRCROOT}/Pods/Target Support Files/Pods-KwickieTestUITests/Pods-KwickieTestUITests-frameworks.sh\"\n";
			showEnvVarsInLog = 0;
		};
		1CEF6B4828F4965DA406E622 /* [CP] Copy Pods Resources */ = {
			isa = PBXShellScriptBuildPhase;
			buildActionMask = 2147483647;
			files = (
			);
			inputPaths = (
			);
			name = "[CP] Copy Pods Resources";
			outputPaths = (
			);
			runOnlyForDeploymentPostprocessing = 0;
			shellPath = /bin/sh;
			shellScript = "\"${SRCROOT}/Pods/Target Support Files/Pods-KwickieTest/Pods-KwickieTest-resources.sh\"\n";
			showEnvVarsInLog = 0;
		};
		2C8C6B526ED5CBD39E639AFB /* [CP] Embed Pods Frameworks */ = {
			isa = PBXShellScriptBuildPhase;
			buildActionMask = 2147483647;
			files = (
			);
			inputPaths = (
			);
			name = "[CP] Embed Pods Frameworks";
			outputPaths = (
			);
			runOnlyForDeploymentPostprocessing = 0;
			shellPath = /bin/sh;
			shellScript = "\"${SRCROOT}/Pods/Target Support Files/Pods-KwickieTest/Pods-KwickieTest-frameworks.sh\"\n";
			showEnvVarsInLog = 0;
		};
		3BF35573123D28EE98C1DAE0 /* [CP] Check Pods Manifest.lock */ = {
			isa = PBXShellScriptBuildPhase;
			buildActionMask = 2147483647;
			files = (
			);
			inputPaths = (
			);
			name = "[CP] Check Pods Manifest.lock";
			outputPaths = (
			);
			runOnlyForDeploymentPostprocessing = 0;
			shellPath = /bin/sh;
			shellScript = "diff \"${PODS_ROOT}/../Podfile.lock\" \"${PODS_ROOT}/Manifest.lock\" > /dev/null\nif [ $? != 0 ] ; then\n    # print error to STDERR\n    echo \"error: The sandbox is not in sync with the Podfile.lock. Run 'pod install' or update your CocoaPods installation.\" >&2\n    exit 1\nfi\n";
			showEnvVarsInLog = 0;
		};
		9F5CC4CAD9A1AD1D8D6C167D /* [CP] Check Pods Manifest.lock */ = {
			isa = PBXShellScriptBuildPhase;
			buildActionMask = 2147483647;
			files = (
			);
			inputPaths = (
			);
			name = "[CP] Check Pods Manifest.lock";
			outputPaths = (
			);
			runOnlyForDeploymentPostprocessing = 0;
			shellPath = /bin/sh;
			shellScript = "diff \"${PODS_ROOT}/../Podfile.lock\" \"${PODS_ROOT}/Manifest.lock\" > /dev/null\nif [ $? != 0 ] ; then\n    # print error to STDERR\n    echo \"error: The sandbox is not in sync with the Podfile.lock. Run 'pod install' or update your CocoaPods installation.\" >&2\n    exit 1\nfi\n";
			showEnvVarsInLog = 0;
		};
		A65EBAABF931B0D3B64D6360 /* [CP] Copy Pods Resources */ = {
			isa = PBXShellScriptBuildPhase;
			buildActionMask = 2147483647;
			files = (
			);
			inputPaths = (
			);
			name = "[CP] Copy Pods Resources";
			outputPaths = (
			);
			runOnlyForDeploymentPostprocessing = 0;
			shellPath = /bin/sh;
			shellScript = "\"${SRCROOT}/Pods/Target Support Files/Pods-KwickieTestTests/Pods-KwickieTestTests-resources.sh\"\n";
			showEnvVarsInLog = 0;
		};
		A8B8D2FC5AF2A2A82DE70919 /* [CP] Check Pods Manifest.lock */ = {
			isa = PBXShellScriptBuildPhase;
			buildActionMask = 2147483647;
			files = (
			);
			inputPaths = (
			);
			name = "[CP] Check Pods Manifest.lock";
			outputPaths = (
			);
			runOnlyForDeploymentPostprocessing = 0;
			shellPath = /bin/sh;
			shellScript = "diff \"${PODS_ROOT}/../Podfile.lock\" \"${PODS_ROOT}/Manifest.lock\" > /dev/null\nif [ $? != 0 ] ; then\n    # print error to STDERR\n    echo \"error: The sandbox is not in sync with the Podfile.lock. Run 'pod install' or update your CocoaPods installation.\" >&2\n    exit 1\nfi\n";
			showEnvVarsInLog = 0;
		};
		E0A67A690255BEBF43996897 /* [CP] Copy Pods Resources */ = {
			isa = PBXShellScriptBuildPhase;
			buildActionMask = 2147483647;
			files = (
			);
			inputPaths = (
			);
			name = "[CP] Copy Pods Resources";
			outputPaths = (
			);
			runOnlyForDeploymentPostprocessing = 0;
			shellPath = /bin/sh;
			shellScript = "\"${SRCROOT}/Pods/Target Support Files/Pods-KwickieTestUITests/Pods-KwickieTestUITests-resources.sh\"\n";
			showEnvVarsInLog = 0;
		};
		F16ACC70777C386DDDC7F938 /* [CP] Embed Pods Frameworks */ = {
			isa = PBXShellScriptBuildPhase;
			buildActionMask = 2147483647;
			files = (
			);
			inputPaths = (
			);
			name = "[CP] Embed Pods Frameworks";
			outputPaths = (
			);
			runOnlyForDeploymentPostprocessing = 0;
			shellPath = /bin/sh;
			shellScript = "\"${SRCROOT}/Pods/Target Support Files/Pods-KwickieTestTests/Pods-KwickieTestTests-frameworks.sh\"\n";
			showEnvVarsInLog = 0;
		};
/* End PBXShellScriptBuildPhase section */

/* Begin PBXSourcesBuildPhase section */
		19E06CA61E01685C00685C12 /* Sources */ = {
			isa = PBXSourcesBuildPhase;
			buildActionMask = 2147483647;
			files = (
				19BFEDBE1E034D420053A0DF /* KwickiePlayerController.swift in Sources */,
				19BE2CEA1E01959F003159A0 /* KwickieCell.swift in Sources */,
				19BE2CDB1E017233003159A0 /* KwickiesController.swift in Sources */,
				19BE2CE41E01873B003159A0 /* Kwickie.swift in Sources */,
				19E06CAE1E01685C00685C12 /* AppDelegate.swift in Sources */,
				19BE2CD91E016A5C003159A0 /* SignInController.swift in Sources */,
				19BE2CE81E018A8F003159A0 /* Router.swift in Sources */,
				19BFEDC01E0350D80053A0DF /* UIViewExtensions.swift in Sources */,
				19BE2CDF1E0177EA003159A0 /* User.swift in Sources */,
			);
			runOnlyForDeploymentPostprocessing = 0;
		};
		19E06CBA1E01685C00685C12 /* Sources */ = {
			isa = PBXSourcesBuildPhase;
			buildActionMask = 2147483647;
			files = (
				19E06CC31E01685C00685C12 /* KwickieTestTests.swift in Sources */,
			);
			runOnlyForDeploymentPostprocessing = 0;
		};
		19E06CC51E01685C00685C12 /* Sources */ = {
			isa = PBXSourcesBuildPhase;
			buildActionMask = 2147483647;
			files = (
				19E06CCE1E01685C00685C12 /* KwickieTestUITests.swift in Sources */,
			);
			runOnlyForDeploymentPostprocessing = 0;
		};
/* End PBXSourcesBuildPhase section */

/* Begin PBXTargetDependency section */
		19E06CC01E01685C00685C12 /* PBXTargetDependency */ = {
			isa = PBXTargetDependency;
			target = 19E06CA91E01685C00685C12 /* KwickieTest */;
			targetProxy = 19E06CBF1E01685C00685C12 /* PBXContainerItemProxy */;
		};
		19E06CCB1E01685C00685C12 /* PBXTargetDependency */ = {
			isa = PBXTargetDependency;
			target = 19E06CA91E01685C00685C12 /* KwickieTest */;
			targetProxy = 19E06CCA1E01685C00685C12 /* PBXContainerItemProxy */;
		};
/* End PBXTargetDependency section */

/* Begin PBXVariantGroup section */
		19E06CB11E01685C00685C12 /* Main.storyboard */ = {
			isa = PBXVariantGroup;
			children = (
				19E06CB21E01685C00685C12 /* Base */,
			);
			name = Main.storyboard;
			sourceTree = "<group>";
		};
		19E06CB61E01685C00685C12 /* LaunchScreen.storyboard */ = {
			isa = PBXVariantGroup;
			children = (
				19E06CB71E01685C00685C12 /* Base */,
			);
			name = LaunchScreen.storyboard;
			sourceTree = "<group>";
		};
/* End PBXVariantGroup section */

/* Begin XCBuildConfiguration section */
		19E06CD01E01685C00685C12 /* Debug */ = {
			isa = XCBuildConfiguration;
			buildSettings = {
				ALWAYS_SEARCH_USER_PATHS = NO;
				CLANG_ANALYZER_NONNULL = YES;
				CLANG_CXX_LANGUAGE_STANDARD = "gnu++0x";
				CLANG_CXX_LIBRARY = "libc++";
				CLANG_ENABLE_MODULES = YES;
				CLANG_ENABLE_OBJC_ARC = YES;
				CLANG_WARN_BOOL_CONVERSION = YES;
				CLANG_WARN_CONSTANT_CONVERSION = YES;
				CLANG_WARN_DIRECT_OBJC_ISA_USAGE = YES_ERROR;
				CLANG_WARN_DOCUMENTATION_COMMENTS = YES;
				CLANG_WARN_EMPTY_BODY = YES;
				CLANG_WARN_ENUM_CONVERSION = YES;
				CLANG_WARN_INFINITE_RECURSION = YES;
				CLANG_WARN_INT_CONVERSION = YES;
				CLANG_WARN_OBJC_ROOT_CLASS = YES_ERROR;
				CLANG_WARN_SUSPICIOUS_MOVES = YES;
				CLANG_WARN_UNREACHABLE_CODE = YES;
				CLANG_WARN__DUPLICATE_METHOD_MATCH = YES;
				"CODE_SIGN_IDENTITY[sdk=iphoneos*]" = "iPhone Developer";
				COPY_PHASE_STRIP = NO;
				DEBUG_INFORMATION_FORMAT = dwarf;
				ENABLE_STRICT_OBJC_MSGSEND = YES;
				ENABLE_TESTABILITY = YES;
				GCC_C_LANGUAGE_STANDARD = gnu99;
				GCC_DYNAMIC_NO_PIC = NO;
				GCC_NO_COMMON_BLOCKS = YES;
				GCC_OPTIMIZATION_LEVEL = 0;
				GCC_PREPROCESSOR_DEFINITIONS = (
					"DEBUG=1",
					"$(inherited)",
				);
				GCC_WARN_64_TO_32_BIT_CONVERSION = YES;
				GCC_WARN_ABOUT_RETURN_TYPE = YES_ERROR;
				GCC_WARN_UNDECLARED_SELECTOR = YES;
				GCC_WARN_UNINITIALIZED_AUTOS = YES_AGGRESSIVE;
				GCC_WARN_UNUSED_FUNCTION = YES;
				GCC_WARN_UNUSED_VARIABLE = YES;
				IPHONEOS_DEPLOYMENT_TARGET = 10.0;
				MTL_ENABLE_DEBUG_INFO = YES;
				ONLY_ACTIVE_ARCH = YES;
				SDKROOT = iphoneos;
				SWIFT_ACTIVE_COMPILATION_CONDITIONS = DEBUG;
				SWIFT_OPTIMIZATION_LEVEL = "-Onone";
			};
			name = Debug;
		};
		19E06CD11E01685C00685C12 /* Release */ = {
			isa = XCBuildConfiguration;
			buildSettings = {
				ALWAYS_SEARCH_USER_PATHS = NO;
				CLANG_ANALYZER_NONNULL = YES;
				CLANG_CXX_LANGUAGE_STANDARD = "gnu++0x";
				CLANG_CXX_LIBRARY = "libc++";
				CLANG_ENABLE_MODULES = YES;
				CLANG_ENABLE_OBJC_ARC = YES;
				CLANG_WARN_BOOL_CONVERSION = YES;
				CLANG_WARN_CONSTANT_CONVERSION = YES;
				CLANG_WARN_DIRECT_OBJC_ISA_USAGE = YES_ERROR;
				CLANG_WARN_DOCUMENTATION_COMMENTS = YES;
				CLANG_WARN_EMPTY_BODY = YES;
				CLANG_WARN_ENUM_CONVERSION = YES;
				CLANG_WARN_INFINITE_RECURSION = YES;
				CLANG_WARN_INT_CONVERSION = YES;
				CLANG_WARN_OBJC_ROOT_CLASS = YES_ERROR;
				CLANG_WARN_SUSPICIOUS_MOVES = YES;
				CLANG_WARN_UNREACHABLE_CODE = YES;
				CLANG_WARN__DUPLICATE_METHOD_MATCH = YES;
				"CODE_SIGN_IDENTITY[sdk=iphoneos*]" = "iPhone Developer";
				COPY_PHASE_STRIP = NO;
				DEBUG_INFORMATION_FORMAT = "dwarf-with-dsym";
				ENABLE_NS_ASSERTIONS = NO;
				ENABLE_STRICT_OBJC_MSGSEND = YES;
				GCC_C_LANGUAGE_STANDARD = gnu99;
				GCC_NO_COMMON_BLOCKS = YES;
				GCC_WARN_64_TO_32_BIT_CONVERSION = YES;
				GCC_WARN_ABOUT_RETURN_TYPE = YES_ERROR;
				GCC_WARN_UNDECLARED_SELECTOR = YES;
				GCC_WARN_UNINITIALIZED_AUTOS = YES_AGGRESSIVE;
				GCC_WARN_UNUSED_FUNCTION = YES;
				GCC_WARN_UNUSED_VARIABLE = YES;
				IPHONEOS_DEPLOYMENT_TARGET = 10.0;
				MTL_ENABLE_DEBUG_INFO = NO;
				SDKROOT = iphoneos;
				SWIFT_OPTIMIZATION_LEVEL = "-Owholemodule";
				VALIDATE_PRODUCT = YES;
			};
			name = Release;
		};
		19E06CD31E01685C00685C12 /* Debug */ = {
			isa = XCBuildConfiguration;
			baseConfigurationReference = 83D5B103809BC54423C2E83D /* Pods-KwickieTest.debug.xcconfig */;
			buildSettings = {
				ASSETCATALOG_COMPILER_APPICON_NAME = AppIcon;
				INFOPLIST_FILE = KwickieTest/Info.plist;
				LD_RUNPATH_SEARCH_PATHS = "$(inherited) @executable_path/Frameworks";
				PRODUCT_BUNDLE_IDENTIFIER = au.com.nishantshrestha.KwickieTest;
				PRODUCT_NAME = "$(TARGET_NAME)";
				SWIFT_VERSION = 3.0;
			};
			name = Debug;
		};
		19E06CD41E01685C00685C12 /* Release */ = {
			isa = XCBuildConfiguration;
			baseConfigurationReference = FD8D6CE1340F3BDF8D20D963 /* Pods-KwickieTest.release.xcconfig */;
			buildSettings = {
				ASSETCATALOG_COMPILER_APPICON_NAME = AppIcon;
				INFOPLIST_FILE = KwickieTest/Info.plist;
				LD_RUNPATH_SEARCH_PATHS = "$(inherited) @executable_path/Frameworks";
				PRODUCT_BUNDLE_IDENTIFIER = au.com.nishantshrestha.KwickieTest;
				PRODUCT_NAME = "$(TARGET_NAME)";
				SWIFT_VERSION = 3.0;
			};
			name = Release;
		};
		19E06CD61E01685C00685C12 /* Debug */ = {
			isa = XCBuildConfiguration;
			baseConfigurationReference = 194CF95581F73D016A6803D7 /* Pods-KwickieTestTests.debug.xcconfig */;
			buildSettings = {
				ALWAYS_EMBED_SWIFT_STANDARD_LIBRARIES = YES;
				BUNDLE_LOADER = "$(TEST_HOST)";
				INFOPLIST_FILE = KwickieTestTests/Info.plist;
				LD_RUNPATH_SEARCH_PATHS = "$(inherited) @executable_path/Frameworks @loader_path/Frameworks";
				PRODUCT_BUNDLE_IDENTIFIER = au.com.nishantshrestha.KwickieTestTests;
				PRODUCT_NAME = "$(TARGET_NAME)";
				SWIFT_VERSION = 3.0;
				TEST_HOST = "$(BUILT_PRODUCTS_DIR)/KwickieTest.app/KwickieTest";
			};
			name = Debug;
		};
		19E06CD71E01685C00685C12 /* Release */ = {
			isa = XCBuildConfiguration;
			baseConfigurationReference = E90464088FE84D0062D8A4E5 /* Pods-KwickieTestTests.release.xcconfig */;
			buildSettings = {
				ALWAYS_EMBED_SWIFT_STANDARD_LIBRARIES = YES;
				BUNDLE_LOADER = "$(TEST_HOST)";
				INFOPLIST_FILE = KwickieTestTests/Info.plist;
				LD_RUNPATH_SEARCH_PATHS = "$(inherited) @executable_path/Frameworks @loader_path/Frameworks";
				PRODUCT_BUNDLE_IDENTIFIER = au.com.nishantshrestha.KwickieTestTests;
				PRODUCT_NAME = "$(TARGET_NAME)";
				SWIFT_VERSION = 3.0;
				TEST_HOST = "$(BUILT_PRODUCTS_DIR)/KwickieTest.app/KwickieTest";
			};
			name = Release;
		};
		19E06CD91E01685C00685C12 /* Debug */ = {
			isa = XCBuildConfiguration;
			baseConfigurationReference = 81761474BDCCC5747E261FF6 /* Pods-KwickieTestUITests.debug.xcconfig */;
			buildSettings = {
				ALWAYS_EMBED_SWIFT_STANDARD_LIBRARIES = YES;
				INFOPLIST_FILE = KwickieTestUITests/Info.plist;
				LD_RUNPATH_SEARCH_PATHS = "$(inherited) @executable_path/Frameworks @loader_path/Frameworks";
				PRODUCT_BUNDLE_IDENTIFIER = au.com.nishantshrestha.KwickieTestUITests;
				PRODUCT_NAME = "$(TARGET_NAME)";
				SWIFT_VERSION = 3.0;
				TEST_TARGET_NAME = KwickieTest;
			};
			name = Debug;
		};
		19E06CDA1E01685C00685C12 /* Release */ = {
			isa = XCBuildConfiguration;
			baseConfigurationReference = BE136A19095FD5E99051D552 /* Pods-KwickieTestUITests.release.xcconfig */;
			buildSettings = {
				ALWAYS_EMBED_SWIFT_STANDARD_LIBRARIES = YES;
				INFOPLIST_FILE = KwickieTestUITests/Info.plist;
				LD_RUNPATH_SEARCH_PATHS = "$(inherited) @executable_path/Frameworks @loader_path/Frameworks";
				PRODUCT_BUNDLE_IDENTIFIER = au.com.nishantshrestha.KwickieTestUITests;
				PRODUCT_NAME = "$(TARGET_NAME)";
				SWIFT_VERSION = 3.0;
				TEST_TARGET_NAME = KwickieTest;
			};
			name = Release;
		};
/* End XCBuildConfiguration section */

/* Begin XCConfigurationList section */
		19E06CA51E01685C00685C12 /* Build configuration list for PBXProject "KwickieTest" */ = {
			isa = XCConfigurationList;
			buildConfigurations = (
				19E06CD01E01685C00685C12 /* Debug */,
				19E06CD11E01685C00685C12 /* Release */,
			);
			defaultConfigurationIsVisible = 0;
			defaultConfigurationName = Release;
		};
		19E06CD21E01685C00685C12 /* Build configuration list for PBXNativeTarget "KwickieTest" */ = {
			isa = XCConfigurationList;
			buildConfigurations = (
				19E06CD31E01685C00685C12 /* Debug */,
				19E06CD41E01685C00685C12 /* Release */,
			);
			defaultConfigurationIsVisible = 0;
			defaultConfigurationName = Release;
		};
		19E06CD51E01685C00685C12 /* Build configuration list for PBXNativeTarget "KwickieTestTests" */ = {
			isa = XCConfigurationList;
			buildConfigurations = (
				19E06CD61E01685C00685C12 /* Debug */,
				19E06CD71E01685C00685C12 /* Release */,
			);
			defaultConfigurationIsVisible = 0;
			defaultConfigurationName = Release;
		};
		19E06CD81E01685C00685C12 /* Build configuration list for PBXNativeTarget "KwickieTestUITests" */ = {
			isa = XCConfigurationList;
			buildConfigurations = (
				19E06CD91E01685C00685C12 /* Debug */,
				19E06CDA1E01685C00685C12 /* Release */,
			);
			defaultConfigurationIsVisible = 0;
			defaultConfigurationName = Release;
		};
/* End XCConfigurationList section */
	};
	rootObject = 19E06CA21E01685C00685C12 /* Project object */;
}
